
Microsoft Visual Studio Solution File, Format Version 12.00
# Visual Studio Version 17
VisualStudioVersion = 17.2.32630.192
MinimumVisualStudioVersion = 10.0.40219.1
Project("{FAE04EC0-301F-11D3-BF4B-00C04F79EFBC}") = "Lab19", "Lab19\Lab19.csproj", "{320993D8-54B8-46A6-9C7B-6A5307D16398}"
EndProject
Global
	GlobalSection(SolutionConfigurationPlatforms) = preSolution
		Debug|Any CPU = Debug|Any CPU
		Release|Any CPU = Release|Any CPU
	EndGlobalSection
	GlobalSection(ProjectConfigurationPlatforms) = postSolution
		{320993D8-54B8-46A6-9C7B-6A5307D16398}.Debug|Any CPU.ActiveCfg = Debug|Any CPU
		{320993D8-54B8-46A6-9C7B-6A5307D16398}.Debug|Any CPU.Build.0 = Debug|Any CPU
		{320993D8-54B8-46A6-9C7B-6A5307D16398}.Release|Any CPU.ActiveCfg = Release|Any CPU
		{320993D8-54B8-46A6-9C7B-6A5307D16398}.Release|Any CPU.Build.0 = Release|Any CPU
	EndGlobalSection
	GlobalSection(SolutionProperties) = preSolution
		HideSolutionNode = FALSE
	EndGlobalSection
	GlobalSection(ExtensibilityGlobals) = postSolution
		SolutionGuid = {5DE68B88-B2F6-43D7-A029-6653D20EAA63}
	EndGlobalSection
EndGlobal
